
Microsoft Visual Studio Solution File, Format Version 12.00
# Visual Studio Version 17
VisualStudioVersion = 17.8.34511.84
MinimumVisualStudioVersion = 10.0.40219.1
Project("{FAE04EC0-301F-11D3-BF4B-00C04F79EFBC}") = "WebAppMVC_Course", "WebAppMVC_Course\WebAppMVC_Course.csproj", "{CDC5EDF4-2CAD-40D9-90DF-CBB23E5ADDAE}"
EndProject
Global
	GlobalSection(SolutionConfigurationPlatforms) = preSolution
		Debug|Any CPU = Debug|Any CPU
		Release|Any CPU = Release|Any CPU
	EndGlobalSection
	GlobalSection(ProjectConfigurationPlatforms) = postSolution
		{CDC5EDF4-2CAD-40D9-90DF-CBB23E5ADDAE}.Debug|Any CPU.ActiveCfg = Debug|Any CPU
		{CDC5EDF4-2CAD-40D9-90DF-CBB23E5ADDAE}.Debug|Any CPU.Build.0 = Debug|Any CPU
		{CDC5EDF4-2CAD-40D9-90DF-CBB23E5ADDAE}.Release|Any CPU.ActiveCfg = Release|Any CPU
		{CDC5EDF4-2CAD-40D9-90DF-CBB23E5ADDAE}.Release|Any CPU.Build.0 = Release|Any CPU
	EndGlobalSection
	GlobalSection(SolutionProperties) = preSolution
		HideSolutionNode = FALSE
	EndGlobalSection
	GlobalSection(ExtensibilityGlobals) = postSolution
		SolutionGuid = {C1B7EA67-5063-4806-BA9A-26C7AA1349DA}
	EndGlobalSection
EndGlobal
